// !$*UTF8*$!
{
	archiveVersion = 1;
	classes = {
	};
	objectVersion = 46;
	objects = {

/* Begin PBXBuildFile section */
		A4390DB91CC2256A00EF571D /* CGFloat+Extensions.swift in Sources */ = {isa = PBXBuildFile; fileRef = A4390DAD1CC2256A00EF571D /* CGFloat+Extensions.swift */; };
		A4390DBA1CC2256A00EF571D /* CGPoint+Extensions.swift in Sources */ = {isa = PBXBuildFile; fileRef = A4390DAE1CC2256A00EF571D /* CGPoint+Extensions.swift */; };
		A4390DBB1CC2256A00EF571D /* CGVector+Extensions.swift in Sources */ = {isa = PBXBuildFile; fileRef = A4390DAF1CC2256A00EF571D /* CGVector+Extensions.swift */; };
		A4390DBC1CC2256A00EF571D /* Int+Extensions.swift in Sources */ = {isa = PBXBuildFile; fileRef = A4390DB01CC2256A00EF571D /* Int+Extensions.swift */; };
		A4390DBD1CC2256A00EF571D /* SKAction+Extensions.swift in Sources */ = {isa = PBXBuildFile; fileRef = A4390DB11CC2256A00EF571D /* SKAction+Extensions.swift */; };
		A4390DBE1CC2256A00EF571D /* SKAction+SpecialEffects.swift in Sources */ = {isa = PBXBuildFile; fileRef = A4390DB21CC2256A00EF571D /* SKAction+SpecialEffects.swift */; };
		A4390DBF1CC2256A00EF571D /* SKColor+Extensions.swift in Sources */ = {isa = PBXBuildFile; fileRef = A4390DB31CC2256A00EF571D /* SKColor+Extensions.swift */; };
		A4390DC01CC2256A00EF571D /* SKNode+Extensions.swift in Sources */ = {isa = PBXBuildFile; fileRef = A4390DB41CC2256A00EF571D /* SKNode+Extensions.swift */; };
		A4390DC11CC2256A00EF571D /* SKTAudio.swift in Sources */ = {isa = PBXBuildFile; fileRef = A4390DB51CC2256A00EF571D /* SKTAudio.swift */; };
		A4390DC21CC2256A00EF571D /* SKTEffects.swift in Sources */ = {isa = PBXBuildFile; fileRef = A4390DB61CC2256A00EF571D /* SKTEffects.swift */; };
		A4390DC31CC2256A00EF571D /* SKTTimingFunctions.swift in Sources */ = {isa = PBXBuildFile; fileRef = A4390DB71CC2256A00EF571D /* SKTTimingFunctions.swift */; };
		A4390DC41CC2256A00EF571D /* Vector3.swift in Sources */ = {isa = PBXBuildFile; fileRef = A4390DB81CC2256A00EF571D /* Vector3.swift */; };
		A4390DC61CC228A000EF571D /* BlockNode.swift in Sources */ = {isa = PBXBuildFile; fileRef = A4390DC51CC228A000EF571D /* BlockNode.swift */; };
		A4390DC81CC22C9200EF571D /* MessageNode.swift in Sources */ = {isa = PBXBuildFile; fileRef = A4390DC71CC22C9200EF571D /* MessageNode.swift */; };
		A4390DCA1CC2D5DE00EF571D /* Level2.sks in Resources */ = {isa = PBXBuildFile; fileRef = A4390DC91CC2D5DE00EF571D /* Level2.sks */; };
		A4390DCC1CC2D98800EF571D /* SpringNode.swift in Sources */ = {isa = PBXBuildFile; fileRef = A4390DCB1CC2D98800EF571D /* SpringNode.swift */; };
		A4390DCF1CC2DE1A00EF571D /* HookNode.swift in Sources */ = {isa = PBXBuildFile; fileRef = A4390DCE1CC2DE1A00EF571D /* HookNode.swift */; };
		A4390DD11CC2EB8A00EF571D /* Level3.sks in Resources */ = {isa = PBXBuildFile; fileRef = A4390DD01CC2EB8A00EF571D /* Level3.sks */; };
		A4390DD31CC2EF3D00EF571D /* StoneNode.swift in Sources */ = {isa = PBXBuildFile; fileRef = A4390DD21CC2EF3D00EF571D /* StoneNode.swift */; };
		A4390DD51CC2F1A900EF571D /* Level4.sks in Resources */ = {isa = PBXBuildFile; fileRef = A4390DD41CC2F1A900EF571D /* Level4.sks */; };
		A43B99D81CBD44AB00D386D2 /* AppDelegate.swift in Sources */ = {isa = PBXBuildFile; fileRef = A43B99D71CBD44AB00D386D2 /* AppDelegate.swift */; };
		A43B99DA1CBD44AB00D386D2 /* Level1.sks in Resources */ = {isa = PBXBuildFile; fileRef = A43B99D91CBD44AB00D386D2 /* Level1.sks */; };
		A43B99DC1CBD44AB00D386D2 /* GameScene.swift in Sources */ = {isa = PBXBuildFile; fileRef = A43B99DB1CBD44AB00D386D2 /* GameScene.swift */; };
		A43B99DE1CBD44AB00D386D2 /* GameViewController.swift in Sources */ = {isa = PBXBuildFile; fileRef = A43B99DD1CBD44AB00D386D2 /* GameViewController.swift */; };
		A43B99E11CBD44AB00D386D2 /* Main.storyboard in Resources */ = {isa = PBXBuildFile; fileRef = A43B99DF1CBD44AB00D386D2 /* Main.storyboard */; };
		A43B99E31CBD44AB00D386D2 /* Assets.xcassets in Resources */ = {isa = PBXBuildFile; fileRef = A43B99E21CBD44AB00D386D2 /* Assets.xcassets */; };
		A43B99E61CBD44AB00D386D2 /* LaunchScreen.storyboard in Resources */ = {isa = PBXBuildFile; fileRef = A43B99E41CBD44AB00D386D2 /* LaunchScreen.storyboard */; };
		A43B99F11CBD44AB00D386D2 /* CatNapTests.swift in Sources */ = {isa = PBXBuildFile; fileRef = A43B99F01CBD44AB00D386D2 /* CatNapTests.swift */; };
		A43B9A011CBD470800D386D2 /* backgroundMusic.mp3 in Resources */ = {isa = PBXBuildFile; fileRef = A43B99FC1CBD470800D386D2 /* backgroundMusic.mp3 */; };
		A43B9A021CBD470800D386D2 /* lose.mp3 in Resources */ = {isa = PBXBuildFile; fileRef = A43B99FD1CBD470800D386D2 /* lose.mp3 */; };
		A43B9A031CBD470800D386D2 /* mrreow.mp3 in Resources */ = {isa = PBXBuildFile; fileRef = A43B99FE1CBD470800D386D2 /* mrreow.mp3 */; };
		A43B9A041CBD470800D386D2 /* pop.mp3 in Resources */ = {isa = PBXBuildFile; fileRef = A43B99FF1CBD470800D386D2 /* pop.mp3 */; };
		A43B9A051CBD470800D386D2 /* win.mp3 in Resources */ = {isa = PBXBuildFile; fileRef = A43B9A001CBD470800D386D2 /* win.mp3 */; };
		A43B9A071CBD7DE800D386D2 /* README.md in Sources */ = {isa = PBXBuildFile; fileRef = A43B9A061CBD7DE800D386D2 /* README.md */; };
		A43B9A0A1CBD81F500D386D2 /* Cat.sks in Resources */ = {isa = PBXBuildFile; fileRef = A43B9A091CBD81F500D386D2 /* Cat.sks */; };
		A43B9A0C1CBD8DAC00D386D2 /* CatCurl.sks in Resources */ = {isa = PBXBuildFile; fileRef = A43B9A0B1CBD8DAC00D386D2 /* CatCurl.sks */; };
		A43B9A0E1CBD8EA200D386D2 /* CatWakeUp.sks in Resources */ = {isa = PBXBuildFile; fileRef = A43B9A0D1CBD8EA200D386D2 /* CatWakeUp.sks */; };
		A43B9A101CBECAD400D386D2 /* BedNode.swift in Sources */ = {isa = PBXBuildFile; fileRef = A43B9A0F1CBECAD400D386D2 /* BedNode.swift */; };
		A43B9A121CBECC9100D386D2 /* CatNode.swift in Sources */ = {isa = PBXBuildFile; fileRef = A43B9A111CBECC9100D386D2 /* CatNode.swift */; };
/* End PBXBuildFile section */

/* Begin PBXContainerItemProxy section */
		A43B99ED1CBD44AB00D386D2 /* PBXContainerItemProxy */ = {
			isa = PBXContainerItemProxy;
			containerPortal = A43B99CC1CBD44AB00D386D2 /* Project object */;
			proxyType = 1;
			remoteGlobalIDString = A43B99D31CBD44AB00D386D2;
			remoteInfo = CatNap;
		};
/* End PBXContainerItemProxy section */

/* Begin PBXFileReference section */
		A4390DAD1CC2256A00EF571D /* CGFloat+Extensions.swift */ = {isa = PBXFileReference; fileEncoding = 4; lastKnownFileType = sourcecode.swift; path = "CGFloat+Extensions.swift"; sourceTree = "<group>"; };
		A4390DAE1CC2256A00EF571D /* CGPoint+Extensions.swift */ = {isa = PBXFileReference; fileEncoding = 4; lastKnownFileType = sourcecode.swift; path = "CGPoint+Extensions.swift"; sourceTree = "<group>"; };
		A4390DAF1CC2256A00EF571D /* CGVector+Extensions.swift */ = {isa = PBXFileReference; fileEncoding = 4; lastKnownFileType = sourcecode.swift; path = "CGVector+Extensions.swift"; sourceTree = "<group>"; };
		A4390DB01CC2256A00EF571D /* Int+Extensions.swift */ = {isa = PBXFileReference; fileEncoding = 4; lastKnownFileType = sourcecode.swift; path = "Int+Extensions.swift"; sourceTree = "<group>"; };
		A4390DB11CC2256A00EF571D /* SKAction+Extensions.swift */ = {isa = PBXFileReference; fileEncoding = 4; lastKnownFileType = sourcecode.swift; path = "SKAction+Extensions.swift"; sourceTree = "<group>"; };
		A4390DB21CC2256A00EF571D /* SKAction+SpecialEffects.swift */ = {isa = PBXFileReference; fileEncoding = 4; lastKnownFileType = sourcecode.swift; path = "SKAction+SpecialEffects.swift"; sourceTree = "<group>"; };
		A4390DB31CC2256A00EF571D /* SKColor+Extensions.swift */ = {isa = PBXFileReference; fileEncoding = 4; lastKnownFileType = sourcecode.swift; path = "SKColor+Extensions.swift"; sourceTree = "<group>"; };
		A4390DB41CC2256A00EF571D /* SKNode+Extensions.swift */ = {isa = PBXFileReference; fileEncoding = 4; lastKnownFileType = sourcecode.swift; path = "SKNode+Extensions.swift"; sourceTree = "<group>"; };
		A4390DB51CC2256A00EF571D /* SKTAudio.swift */ = {isa = PBXFileReference; fileEncoding = 4; lastKnownFileType = sourcecode.swift; path = SKTAudio.swift; sourceTree = "<group>"; };
		A4390DB61CC2256A00EF571D /* SKTEffects.swift */ = {isa = PBXFileReference; fileEncoding = 4; lastKnownFileType = sourcecode.swift; path = SKTEffects.swift; sourceTree = "<group>"; };
		A4390DB71CC2256A00EF571D /* SKTTimingFunctions.swift */ = {isa = PBXFileReference; fileEncoding = 4; lastKnownFileType = sourcecode.swift; path = SKTTimingFunctions.swift; sourceTree = "<group>"; };
		A4390DB81CC2256A00EF571D /* Vector3.swift */ = {isa = PBXFileReference; fileEncoding = 4; lastKnownFileType = sourcecode.swift; path = Vector3.swift; sourceTree = "<group>"; };
		A4390DC51CC228A000EF571D /* BlockNode.swift */ = {isa = PBXFileReference; fileEncoding = 4; lastKnownFileType = sourcecode.swift; path = BlockNode.swift; sourceTree = "<group>"; };
		A4390DC71CC22C9200EF571D /* MessageNode.swift */ = {isa = PBXFileReference; fileEncoding = 4; lastKnownFileType = sourcecode.swift; path = MessageNode.swift; sourceTree = "<group>"; };
		A4390DC91CC2D5DE00EF571D /* Level2.sks */ = {isa = PBXFileReference; lastKnownFileType = file.sks; path = Level2.sks; sourceTree = "<group>"; };
		A4390DCB1CC2D98800EF571D /* SpringNode.swift */ = {isa = PBXFileReference; fileEncoding = 4; lastKnownFileType = sourcecode.swift; path = SpringNode.swift; sourceTree = "<group>"; };
		A4390DCE1CC2DE1A00EF571D /* HookNode.swift */ = {isa = PBXFileReference; fileEncoding = 4; lastKnownFileType = sourcecode.swift; path = HookNode.swift; sourceTree = "<group>"; };
		A4390DD01CC2EB8A00EF571D /* Level3.sks */ = {isa = PBXFileReference; lastKnownFileType = file.sks; path = Level3.sks; sourceTree = "<group>"; };
		A4390DD21CC2EF3D00EF571D /* StoneNode.swift */ = {isa = PBXFileReference; fileEncoding = 4; lastKnownFileType = sourcecode.swift; path = StoneNode.swift; sourceTree = "<group>"; };
		A4390DD41CC2F1A900EF571D /* Level4.sks */ = {isa = PBXFileReference; lastKnownFileType = file.sks; path = Level4.sks; sourceTree = "<group>"; };
		A43B99D41CBD44AB00D386D2 /* CatNap.app */ = {isa = PBXFileReference; explicitFileType = wrapper.application; includeInIndex = 0; path = CatNap.app; sourceTree = BUILT_PRODUCTS_DIR; };
		A43B99D71CBD44AB00D386D2 /* AppDelegate.swift */ = {isa = PBXFileReference; lastKnownFileType = sourcecode.swift; path = AppDelegate.swift; sourceTree = "<group>"; };
		A43B99D91CBD44AB00D386D2 /* Level1.sks */ = {isa = PBXFileReference; lastKnownFileType = file.sks; path = Level1.sks; sourceTree = "<group>"; };
		A43B99DB1CBD44AB00D386D2 /* GameScene.swift */ = {isa = PBXFileReference; lastKnownFileType = sourcecode.swift; path = GameScene.swift; sourceTree = "<group>"; };
		A43B99DD1CBD44AB00D386D2 /* GameViewController.swift */ = {isa = PBXFileReference; lastKnownFileType = sourcecode.swift; path = GameViewController.swift; sourceTree = "<group>"; };
		A43B99E01CBD44AB00D386D2 /* Base */ = {isa = PBXFileReference; lastKnownFileType = file.storyboard; name = Base; path = Base.lproj/Main.storyboard; sourceTree = "<group>"; };
		A43B99E21CBD44AB00D386D2 /* Assets.xcassets */ = {isa = PBXFileReference; lastKnownFileType = folder.assetcatalog; path = Assets.xcassets; sourceTree = "<group>"; };
		A43B99E51CBD44AB00D386D2 /* Base */ = {isa = PBXFileReference; lastKnownFileType = file.storyboard; name = Base; path = Base.lproj/LaunchScreen.storyboard; sourceTree = "<group>"; };
		A43B99E71CBD44AB00D386D2 /* Info.plist */ = {isa = PBXFileReference; lastKnownFileType = text.plist.xml; path = Info.plist; sourceTree = "<group>"; };
		A43B99EC1CBD44AB00D386D2 /* CatNapTests.xctest */ = {isa = PBXFileReference; explicitFileType = wrapper.cfbundle; includeInIndex = 0; path = CatNapTests.xctest; sourceTree = BUILT_PRODUCTS_DIR; };
		A43B99F01CBD44AB00D386D2 /* CatNapTests.swift */ = {isa = PBXFileReference; lastKnownFileType = sourcecode.swift; path = CatNapTests.swift; sourceTree = "<group>"; };
		A43B99F21CBD44AB00D386D2 /* Info.plist */ = {isa = PBXFileReference; lastKnownFileType = text.plist.xml; path = Info.plist; sourceTree = "<group>"; };
		A43B99FC1CBD470800D386D2 /* backgroundMusic.mp3 */ = {isa = PBXFileReference; lastKnownFileType = audio.mp3; path = backgroundMusic.mp3; sourceTree = "<group>"; };
		A43B99FD1CBD470800D386D2 /* lose.mp3 */ = {isa = PBXFileReference; lastKnownFileType = audio.mp3; path = lose.mp3; sourceTree = "<group>"; };
		A43B99FE1CBD470800D386D2 /* mrreow.mp3 */ = {isa = PBXFileReference; lastKnownFileType = audio.mp3; path = mrreow.mp3; sourceTree = "<group>"; };
		A43B99FF1CBD470800D386D2 /* pop.mp3 */ = {isa = PBXFileReference; lastKnownFileType = audio.mp3; path = pop.mp3; sourceTree = "<group>"; };
		A43B9A001CBD470800D386D2 /* win.mp3 */ = {isa = PBXFileReference; lastKnownFileType = audio.mp3; path = win.mp3; sourceTree = "<group>"; };
		A43B9A061CBD7DE800D386D2 /* README.md */ = {isa = PBXFileReference; fileEncoding = 4; lastKnownFileType = net.daringfireball.markdown; path = README.md; sourceTree = "<group>"; };
		A43B9A091CBD81F500D386D2 /* Cat.sks */ = {isa = PBXFileReference; lastKnownFileType = file.sks; path = Cat.sks; sourceTree = "<group>"; };
		A43B9A0B1CBD8DAC00D386D2 /* CatCurl.sks */ = {isa = PBXFileReference; lastKnownFileType = file.sks; path = CatCurl.sks; sourceTree = "<group>"; };
		A43B9A0D1CBD8EA200D386D2 /* CatWakeUp.sks */ = {isa = PBXFileReference; lastKnownFileType = file.sks; path = CatWakeUp.sks; sourceTree = "<group>"; };
		A43B9A0F1CBECAD400D386D2 /* BedNode.swift */ = {isa = PBXFileReference; fileEncoding = 4; lastKnownFileType = sourcecode.swift; path = BedNode.swift; sourceTree = "<group>"; };
		A43B9A111CBECC9100D386D2 /* CatNode.swift */ = {isa = PBXFileReference; fileEncoding = 4; lastKnownFileType = sourcecode.swift; path = CatNode.swift; sourceTree = "<group>"; };
/* End PBXFileReference section */

/* Begin PBXFrameworksBuildPhase section */
		A43B99D11CBD44AB00D386D2 /* Frameworks */ = {
			isa = PBXFrameworksBuildPhase;
			buildActionMask = 2147483647;
			files = (
			);
			runOnlyForDeploymentPostprocessing = 0;
		};
		A43B99E91CBD44AB00D386D2 /* Frameworks */ = {
			isa = PBXFrameworksBuildPhase;
			buildActionMask = 2147483647;
			files = (
			);
			runOnlyForDeploymentPostprocessing = 0;
		};
/* End PBXFrameworksBuildPhase section */

/* Begin PBXGroup section */
		A4390DAC1CC2256A00EF571D /* SKTUtils */ = {
			isa = PBXGroup;
			children = (
				A4390DAD1CC2256A00EF571D /* CGFloat+Extensions.swift */,
				A4390DAE1CC2256A00EF571D /* CGPoint+Extensions.swift */,
				A4390DAF1CC2256A00EF571D /* CGVector+Extensions.swift */,
				A4390DB01CC2256A00EF571D /* Int+Extensions.swift */,
				A4390DB11CC2256A00EF571D /* SKAction+Extensions.swift */,
				A4390DB21CC2256A00EF571D /* SKAction+SpecialEffects.swift */,
				A4390DB31CC2256A00EF571D /* SKColor+Extensions.swift */,
				A4390DB41CC2256A00EF571D /* SKNode+Extensions.swift */,
				A4390DB51CC2256A00EF571D /* SKTAudio.swift */,
				A4390DB61CC2256A00EF571D /* SKTEffects.swift */,
				A4390DB71CC2256A00EF571D /* SKTTimingFunctions.swift */,
				A4390DB81CC2256A00EF571D /* Vector3.swift */,
			);
			path = SKTUtils;
			sourceTree = "<group>";
		};
		A4390DCD1CC2DAD200EF571D /* Nodes */ = {
			isa = PBXGroup;
			children = (
				A43B9A0F1CBECAD400D386D2 /* BedNode.swift */,
				A43B9A111CBECC9100D386D2 /* CatNode.swift */,
				A4390DC51CC228A000EF571D /* BlockNode.swift */,
				A4390DC71CC22C9200EF571D /* MessageNode.swift */,
				A4390DCB1CC2D98800EF571D /* SpringNode.swift */,
				A4390DCE1CC2DE1A00EF571D /* HookNode.swift */,
				A4390DD21CC2EF3D00EF571D /* StoneNode.swift */,
			);
			name = Nodes;
			sourceTree = "<group>";
		};
		A43B99CB1CBD44AB00D386D2 = {
			isa = PBXGroup;
			children = (
				A43B9A061CBD7DE800D386D2 /* README.md */,
				A43B99D61CBD44AB00D386D2 /* CatNap */,
				A43B99EF1CBD44AB00D386D2 /* CatNapTests */,
				A43B99D51CBD44AB00D386D2 /* Products */,
			);
			sourceTree = "<group>";
		};
		A43B99D51CBD44AB00D386D2 /* Products */ = {
			isa = PBXGroup;
			children = (
				A43B99D41CBD44AB00D386D2 /* CatNap.app */,
				A43B99EC1CBD44AB00D386D2 /* CatNapTests.xctest */,
			);
			name = Products;
			sourceTree = "<group>";
		};
		A43B99D61CBD44AB00D386D2 /* CatNap */ = {
			isa = PBXGroup;
			children = (
				A4390DAC1CC2256A00EF571D /* SKTUtils */,
				A43B9A081CBD81AE00D386D2 /* Scenes */,
				A43B99FB1CBD470800D386D2 /* Sounds */,
				A43B99D71CBD44AB00D386D2 /* AppDelegate.swift */,
				A43B99DB1CBD44AB00D386D2 /* GameScene.swift */,
				A43B99DD1CBD44AB00D386D2 /* GameViewController.swift */,
				A43B99DF1CBD44AB00D386D2 /* Main.storyboard */,
				A43B99E21CBD44AB00D386D2 /* Assets.xcassets */,
				A43B99E41CBD44AB00D386D2 /* LaunchScreen.storyboard */,
				A43B99E71CBD44AB00D386D2 /* Info.plist */,
				A4390DCD1CC2DAD200EF571D /* Nodes */,
			);
			path = CatNap;
			sourceTree = "<group>";
		};
		A43B99EF1CBD44AB00D386D2 /* CatNapTests */ = {
			isa = PBXGroup;
			children = (
				A43B99F01CBD44AB00D386D2 /* CatNapTests.swift */,
				A43B99F21CBD44AB00D386D2 /* Info.plist */,
			);
			path = CatNapTests;
			sourceTree = "<group>";
		};
		A43B99FB1CBD470800D386D2 /* Sounds */ = {
			isa = PBXGroup;
			children = (
				A43B99FC1CBD470800D386D2 /* backgroundMusic.mp3 */,
				A43B99FD1CBD470800D386D2 /* lose.mp3 */,
				A43B99FE1CBD470800D386D2 /* mrreow.mp3 */,
				A43B99FF1CBD470800D386D2 /* pop.mp3 */,
				A43B9A001CBD470800D386D2 /* win.mp3 */,
			);
			path = Sounds;
			sourceTree = "<group>";
		};
		A43B9A081CBD81AE00D386D2 /* Scenes */ = {
			isa = PBXGroup;
			children = (
				A43B99D91CBD44AB00D386D2 /* Level1.sks */,
				A4390DC91CC2D5DE00EF571D /* Level2.sks */,
				A43B9A091CBD81F500D386D2 /* Cat.sks */,
				A43B9A0B1CBD8DAC00D386D2 /* CatCurl.sks */,
				A43B9A0D1CBD8EA200D386D2 /* CatWakeUp.sks */,
				A4390DD01CC2EB8A00EF571D /* Level3.sks */,
				A4390DD41CC2F1A900EF571D /* Level4.sks */,
			);
			name = Scenes;
			sourceTree = "<group>";
		};
/* End PBXGroup section */

/* Begin PBXNativeTarget section */
		A43B99D31CBD44AB00D386D2 /* CatNap */ = {
			isa = PBXNativeTarget;
			buildConfigurationList = A43B99F51CBD44AB00D386D2 /* Build configuration list for PBXNativeTarget "CatNap" */;
			buildPhases = (
				A43B99D01CBD44AB00D386D2 /* Sources */,
				A43B99D11CBD44AB00D386D2 /* Frameworks */,
				A43B99D21CBD44AB00D386D2 /* Resources */,
			);
			buildRules = (
			);
			dependencies = (
			);
			name = CatNap;
			productName = CatNap;
			productReference = A43B99D41CBD44AB00D386D2 /* CatNap.app */;
			productType = "com.apple.product-type.application";
		};
		A43B99EB1CBD44AB00D386D2 /* CatNapTests */ = {
			isa = PBXNativeTarget;
			buildConfigurationList = A43B99F81CBD44AB00D386D2 /* Build configuration list for PBXNativeTarget "CatNapTests" */;
			buildPhases = (
				A43B99E81CBD44AB00D386D2 /* Sources */,
				A43B99E91CBD44AB00D386D2 /* Frameworks */,
				A43B99EA1CBD44AB00D386D2 /* Resources */,
			);
			buildRules = (
			);
			dependencies = (
				A43B99EE1CBD44AB00D386D2 /* PBXTargetDependency */,
			);
			name = CatNapTests;
			productName = CatNapTests;
			productReference = A43B99EC1CBD44AB00D386D2 /* CatNapTests.xctest */;
			productType = "com.apple.product-type.bundle.unit-test";
		};
/* End PBXNativeTarget section */

/* Begin PBXProject section */
		A43B99CC1CBD44AB00D386D2 /* Project object */ = {
			isa = PBXProject;
			attributes = {
				LastSwiftUpdateCheck = 0730;
				LastUpgradeCheck = 0730;
				ORGANIZATIONNAME = "Anko Top";
				TargetAttributes = {
					A43B99D31CBD44AB00D386D2 = {
						CreatedOnToolsVersion = 7.3;
					};
					A43B99EB1CBD44AB00D386D2 = {
						CreatedOnToolsVersion = 7.3;
						TestTargetID = A43B99D31CBD44AB00D386D2;
					};
				};
			};
			buildConfigurationList = A43B99CF1CBD44AB00D386D2 /* Build configuration list for PBXProject "CatNap" */;
			compatibilityVersion = "Xcode 3.2";
			developmentRegion = English;
			hasScannedForEncodings = 0;
			knownRegions = (
				en,
				Base,
			);
			mainGroup = A43B99CB1CBD44AB00D386D2;
			productRefGroup = A43B99D51CBD44AB00D386D2 /* Products */;
			projectDirPath = "";
			projectRoot = "";
			targets = (
				A43B99D31CBD44AB00D386D2 /* CatNap */,
				A43B99EB1CBD44AB00D386D2 /* CatNapTests */,
			);
		};
/* End PBXProject section */

/* Begin PBXResourcesBuildPhase section */
		A43B99D21CBD44AB00D386D2 /* Resources */ = {
			isa = PBXResourcesBuildPhase;
			buildActionMask = 2147483647;
			files = (
				A43B9A0A1CBD81F500D386D2 /* Cat.sks in Resources */,
				A43B9A051CBD470800D386D2 /* win.mp3 in Resources */,
				A43B99DA1CBD44AB00D386D2 /* Level1.sks in Resources */,
				A43B9A0C1CBD8DAC00D386D2 /* CatCurl.sks in Resources */,
				A4390DD11CC2EB8A00EF571D /* Level3.sks in Resources */,
				A4390DCA1CC2D5DE00EF571D /* Level2.sks in Resources */,
				A43B99E61CBD44AB00D386D2 /* LaunchScreen.storyboard in Resources */,
				A43B99E31CBD44AB00D386D2 /* Assets.xcassets in Resources */,
				A43B9A011CBD470800D386D2 /* backgroundMusic.mp3 in Resources */,
				A43B9A041CBD470800D386D2 /* pop.mp3 in Resources */,
				A43B9A031CBD470800D386D2 /* mrreow.mp3 in Resources */,
				A43B9A0E1CBD8EA200D386D2 /* CatWakeUp.sks in Resources */,
				A43B99E11CBD44AB00D386D2 /* Main.storyboard in Resources */,
				A43B9A021CBD470800D386D2 /* lose.mp3 in Resources */,
				A4390DD51CC2F1A900EF571D /* Level4.sks in Resources */,
			);
			runOnlyForDeploymentPostprocessing = 0;
		};
		A43B99EA1CBD44AB00D386D2 /* Resources */ = {
			isa = PBXResourcesBuildPhase;
			buildActionMask = 2147483647;
			files = (
			);
			runOnlyForDeploymentPostprocessing = 0;
		};
/* End PBXResourcesBuildPhase section */

/* Begin PBXSourcesBuildPhase section */
		A43B99D01CBD44AB00D386D2 /* Sources */ = {
			isa = PBXSourcesBuildPhase;
			buildActionMask = 2147483647;
			files = (
				A43B9A101CBECAD400D386D2 /* BedNode.swift in Sources */,
				A4390DCC1CC2D98800EF571D /* SpringNode.swift in Sources */,
				A4390DC31CC2256A00EF571D /* SKTTimingFunctions.swift in Sources */,
				A43B99DC1CBD44AB00D386D2 /* GameScene.swift in Sources */,
				A4390DBB1CC2256A00EF571D /* CGVector+Extensions.swift in Sources */,
				A4390DBA1CC2256A00EF571D /* CGPoint+Extensions.swift in Sources */,
				A4390DB91CC2256A00EF571D /* CGFloat+Extensions.swift in Sources */,
				A4390DD31CC2EF3D00EF571D /* StoneNode.swift in Sources */,
				A43B99DE1CBD44AB00D386D2 /* GameViewController.swift in Sources */,
				A4390DC61CC228A000EF571D /* BlockNode.swift in Sources */,
				A4390DC11CC2256A00EF571D /* SKTAudio.swift in Sources */,
				A43B9A071CBD7DE800D386D2 /* README.md in Sources */,
				A4390DC01CC2256A00EF571D /* SKNode+Extensions.swift in Sources */,
				A4390DC81CC22C9200EF571D /* MessageNode.swift in Sources */,
				A4390DBD1CC2256A00EF571D /* SKAction+Extensions.swift in Sources */,
				A4390DCF1CC2DE1A00EF571D /* HookNode.swift in Sources */,
				A4390DBE1CC2256A00EF571D /* SKAction+SpecialEffects.swift in Sources */,
				A43B9A121CBECC9100D386D2 /* CatNode.swift in Sources */,
				A43B99D81CBD44AB00D386D2 /* AppDelegate.swift in Sources */,
				A4390DC21CC2256A00EF571D /* SKTEffects.swift in Sources */,
				A4390DBC1CC2256A00EF571D /* Int+Extensions.swift in Sources */,
				A4390DC41CC2256A00EF571D /* Vector3.swift in Sources */,
				A4390DBF1CC2256A00EF571D /* SKColor+Extensions.swift in Sources */,
			);
			runOnlyForDeploymentPostprocessing = 0;
		};
		A43B99E81CBD44AB00D386D2 /* Sources */ = {
			isa = PBXSourcesBuildPhase;
			buildActionMask = 2147483647;
			files = (
				A43B99F11CBD44AB00D386D2 /* CatNapTests.swift in Sources */,
			);
			runOnlyForDeploymentPostprocessing = 0;
		};
/* End PBXSourcesBuildPhase section */

/* Begin PBXTargetDependency section */
		A43B99EE1CBD44AB00D386D2 /* PBXTargetDependency */ = {
			isa = PBXTargetDependency;
			target = A43B99D31CBD44AB00D386D2 /* CatNap */;
			targetProxy = A43B99ED1CBD44AB00D386D2 /* PBXContainerItemProxy */;
		};
/* End PBXTargetDependency section */

/* Begin PBXVariantGroup section */
		A43B99DF1CBD44AB00D386D2 /* Main.storyboard */ = {
			isa = PBXVariantGroup;
			children = (
				A43B99E01CBD44AB00D386D2 /* Base */,
			);
			name = Main.storyboard;
			sourceTree = "<group>";
		};
		A43B99E41CBD44AB00D386D2 /* LaunchScreen.storyboard */ = {
			isa = PBXVariantGroup;
			children = (
				A43B99E51CBD44AB00D386D2 /* Base */,
			);
			name = LaunchScreen.storyboard;
			sourceTree = "<group>";
		};
/* End PBXVariantGroup section */

/* Begin XCBuildConfiguration section */
		A43B99F31CBD44AB00D386D2 /* Debug */ = {
			isa = XCBuildConfiguration;
			buildSettings = {
				ALWAYS_SEARCH_USER_PATHS = NO;
				CLANG_ANALYZER_NONNULL = YES;
				CLANG_CXX_LANGUAGE_STANDARD = "gnu++0x";
				CLANG_CXX_LIBRARY = "libc++";
				CLANG_ENABLE_MODULES = YES;
				CLANG_ENABLE_OBJC_ARC = YES;
				CLANG_WARN_BOOL_CONVERSION = YES;
				CLANG_WARN_CONSTANT_CONVERSION = YES;
				CLANG_WARN_DIRECT_OBJC_ISA_USAGE = YES_ERROR;
				CLANG_WARN_EMPTY_BODY = YES;
				CLANG_WARN_ENUM_CONVERSION = YES;
				CLANG_WARN_INT_CONVERSION = YES;
				CLANG_WARN_OBJC_ROOT_CLASS = YES_ERROR;
				CLANG_WARN_UNREACHABLE_CODE = YES;
				CLANG_WARN__DUPLICATE_METHOD_MATCH = YES;
				"CODE_SIGN_IDENTITY[sdk=iphoneos*]" = "iPhone Developer";
				COPY_PHASE_STRIP = NO;
				DEBUG_INFORMATION_FORMAT = "dwarf-with-dsym";
				ENABLE_STRICT_OBJC_MSGSEND = YES;
				ENABLE_TESTABILITY = YES;
				GCC_C_LANGUAGE_STANDARD = gnu99;
				GCC_DYNAMIC_NO_PIC = NO;
				GCC_NO_COMMON_BLOCKS = YES;
				GCC_OPTIMIZATION_LEVEL = 0;
				GCC_PREPROCESSOR_DEFINITIONS = (
					"DEBUG=1",
					"$(inherited)",
				);
				GCC_WARN_64_TO_32_BIT_CONVERSION = YES;
				GCC_WARN_ABOUT_RETURN_TYPE = YES_ERROR;
				GCC_WARN_UNDECLARED_SELECTOR = YES;
				GCC_WARN_UNINITIALIZED_AUTOS = YES_AGGRESSIVE;
				GCC_WARN_UNUSED_FUNCTION = YES;
				GCC_WARN_UNUSED_VARIABLE = YES;
				IPHONEOS_DEPLOYMENT_TARGET = 9.3;
				MTL_ENABLE_DEBUG_INFO = YES;
				ONLY_ACTIVE_ARCH = YES;
				SDKROOT = iphoneos;
				SWIFT_OPTIMIZATION_LEVEL = "-Onone";
				TARGETED_DEVICE_FAMILY = "1,2";
			};
			name = Debug;
		};
		A43B99F41CBD44AB00D386D2 /* Release */ = {
			isa = XCBuildConfiguration;
			buildSettings = {
				ALWAYS_SEARCH_USER_PATHS = NO;
				CLANG_ANALYZER_NONNULL = YES;
				CLANG_CXX_LANGUAGE_STANDARD = "gnu++0x";
				CLANG_CXX_LIBRARY = "libc++";
				CLANG_ENABLE_MODULES = YES;
				CLANG_ENABLE_OBJC_ARC = YES;
				CLANG_WARN_BOOL_CONVERSION = YES;
				CLANG_WARN_CONSTANT_CONVERSION = YES;
				CLANG_WARN_DIRECT_OBJC_ISA_USAGE = YES_ERROR;
				CLANG_WARN_EMPTY_BODY = YES;
				CLANG_WARN_ENUM_CONVERSION = YES;
				CLANG_WARN_INT_CONVERSION = YES;
				CLANG_WARN_OBJC_ROOT_CLASS = YES_ERROR;
				CLANG_WARN_UNREACHABLE_CODE = YES;
				CLANG_WARN__DUPLICATE_METHOD_MATCH = YES;
				"CODE_SIGN_IDENTITY[sdk=iphoneos*]" = "iPhone Developer";
				COPY_PHASE_STRIP = NO;
				DEBUG_INFORMATION_FORMAT = "dwarf-with-dsym";
				ENABLE_NS_ASSERTIONS = NO;
				ENABLE_STRICT_OBJC_MSGSEND = YES;
				GCC_C_LANGUAGE_STANDARD = gnu99;
				GCC_NO_COMMON_BLOCKS = YES;
				GCC_WARN_64_TO_32_BIT_CONVERSION = YES;
				GCC_WARN_ABOUT_RETURN_TYPE = YES_ERROR;
				GCC_WARN_UNDECLARED_SELECTOR = YES;
				GCC_WARN_UNINITIALIZED_AUTOS = YES_AGGRESSIVE;
				GCC_WARN_UNUSED_FUNCTION = YES;
				GCC_WARN_UNUSED_VARIABLE = YES;
				IPHONEOS_DEPLOYMENT_TARGET = 9.3;
				MTL_ENABLE_DEBUG_INFO = NO;
				SDKROOT = iphoneos;
				TARGETED_DEVICE_FAMILY = "1,2";
				VALIDATE_PRODUCT = YES;
			};
			name = Release;
		};
		A43B99F61CBD44AB00D386D2 /* Debug */ = {
			isa = XCBuildConfiguration;
			buildSettings = {
				ASSETCATALOG_COMPILER_APPICON_NAME = AppIcon;
				INFOPLIST_FILE = CatNap/Info.plist;
				LD_RUNPATH_SEARCH_PATHS = "$(inherited) @executable_path/Frameworks";
				PRODUCT_BUNDLE_IDENTIFIER = nl.reactivity.CatNap;
				PRODUCT_NAME = "$(TARGET_NAME)";
			};
			name = Debug;
		};
		A43B99F71CBD44AB00D386D2 /* Release */ = {
			isa = XCBuildConfiguration;
			buildSettings = {
				ASSETCATALOG_COMPILER_APPICON_NAME = AppIcon;
				INFOPLIST_FILE = CatNap/Info.plist;
				LD_RUNPATH_SEARCH_PATHS = "$(inherited) @executable_path/Frameworks";
				PRODUCT_BUNDLE_IDENTIFIER = nl.reactivity.CatNap;
				PRODUCT_NAME = "$(TARGET_NAME)";
			};
			name = Release;
		};
		A43B99F91CBD44AB00D386D2 /* Debug */ = {
			isa = XCBuildConfiguration;
			buildSettings = {
				BUNDLE_LOADER = "$(TEST_HOST)";
				DEBUG_INFORMATION_FORMAT = dwarf;
				INFOPLIST_FILE = CatNapTests/Info.plist;
				LD_RUNPATH_SEARCH_PATHS = "$(inherited) @executable_path/Frameworks @loader_path/Frameworks";
				PRODUCT_BUNDLE_IDENTIFIER = nl.reactivity.CatNapTests;
				PRODUCT_NAME = "$(TARGET_NAME)";
				TEST_HOST = "$(BUILT_PRODUCTS_DIR)/CatNap.app/CatNap";
			};
			name = Debug;
		};
		A43B99FA1CBD44AB00D386D2 /* Release */ = {
			isa = XCBuildConfiguration;
			buildSettings = {
				BUNDLE_LOADER = "$(TEST_HOST)";
				INFOPLIST_FILE = CatNapTests/Info.plist;
				LD_RUNPATH_SEARCH_PATHS = "$(inherited) @executable_path/Frameworks @loader_path/Frameworks";
				PRODUCT_BUNDLE_IDENTIFIER = nl.reactivity.CatNapTests;
				PRODUCT_NAME = "$(TARGET_NAME)";
				TEST_HOST = "$(BUILT_PRODUCTS_DIR)/CatNap.app/CatNap";
			};
			name = Release;
		};
/* End XCBuildConfiguration section */

/* Begin XCConfigurationList section */
		A43B99CF1CBD44AB00D386D2 /* Build configuration list for PBXProject "CatNap" */ = {
			isa = XCConfigurationList;
			buildConfigurations = (
				A43B99F31CBD44AB00D386D2 /* Debug */,
				A43B99F41CBD44AB00D386D2 /* Release */,
			);
			defaultConfigurationIsVisible = 0;
			defaultConfigurationName = Release;
		};
		A43B99F51CBD44AB00D386D2 /* Build configuration list for PBXNativeTarget "CatNap" */ = {
			isa = XCConfigurationList;
			buildConfigurations = (
				A43B99F61CBD44AB00D386D2 /* Debug */,
				A43B99F71CBD44AB00D386D2 /* Release */,
			);
			defaultConfigurationIsVisible = 0;
			defaultConfigurationName = Release;
		};
		A43B99F81CBD44AB00D386D2 /* Build configuration list for PBXNativeTarget "CatNapTests" */ = {
			isa = XCConfigurationList;
			buildConfigurations = (
				A43B99F91CBD44AB00D386D2 /* Debug */,
				A43B99FA1CBD44AB00D386D2 /* Release */,
			);
			defaultConfigurationIsVisible = 0;
			defaultConfigurationName = Release;
		};
/* End XCConfigurationList section */
	};
	rootObject = A43B99CC1CBD44AB00D386D2 /* Project object */;
}
